// !$*UTF8*$!
{
	archiveVersion = 1;
	classes = {
	};
	objectVersion = 46;
	objects = {

/* Begin PBXBuildFile section */
		04C90B641B109886000AAE4C /* AppDelegate.swift in Sources */ = {isa = PBXBuildFile; fileRef = 04C90B631B109886000AAE4C /* AppDelegate.swift */; };
		04C90B691B109886000AAE4C /* Main.storyboard in Resources */ = {isa = PBXBuildFile; fileRef = 04C90B671B109886000AAE4C /* Main.storyboard */; };
		04C90B6B1B109886000AAE4C /* Images.xcassets in Resources */ = {isa = PBXBuildFile; fileRef = 04C90B6A1B109886000AAE4C /* Images.xcassets */; };
		04C90B6E1B109886000AAE4C /* LaunchScreen.xib in Resources */ = {isa = PBXBuildFile; fileRef = 04C90B6C1B109886000AAE4C /* LaunchScreen.xib */; };
		04C90B7A1B109887000AAE4C /* testingTests.swift in Sources */ = {isa = PBXBuildFile; fileRef = 04C90B791B109887000AAE4C /* testingTests.swift */; };
		04C90B841B1098AE000AAE4C /* TableViewController.swift in Sources */ = {isa = PBXBuildFile; fileRef = 04C90B831B1098AE000AAE4C /* TableViewController.swift */; };
		04C90B861B1098C1000AAE4C /* TableViewCell.swift in Sources */ = {isa = PBXBuildFile; fileRef = 04C90B851B1098C1000AAE4C /* TableViewCell.swift */; };
/* End PBXBuildFile section */

/* Begin PBXContainerItemProxy section */
		04C90B741B109887000AAE4C /* PBXContainerItemProxy */ = {
			isa = PBXContainerItemProxy;
			containerPortal = 04C90B561B109886000AAE4C /* Project object */;
			proxyType = 1;
			remoteGlobalIDString = 04C90B5D1B109886000AAE4C;
			remoteInfo = testing;
		};
/* End PBXContainerItemProxy section */

/* Begin PBXFileReference section */
		04C90B5E1B109886000AAE4C /* testing.app */ = {isa = PBXFileReference; explicitFileType = wrapper.application; includeInIndex = 0; path = testing.app; sourceTree = BUILT_PRODUCTS_DIR; };
		04C90B621B109886000AAE4C /* Info.plist */ = {isa = PBXFileReference; lastKnownFileType = text.plist.xml; path = Info.plist; sourceTree = "<group>"; };
		04C90B631B109886000AAE4C /* AppDelegate.swift */ = {isa = PBXFileReference; lastKnownFileType = sourcecode.swift; path = AppDelegate.swift; sourceTree = "<group>"; };
		04C90B681B109886000AAE4C /* Base */ = {isa = PBXFileReference; lastKnownFileType = file.storyboard; name = Base; path = Base.lproj/Main.storyboard; sourceTree = "<group>"; };
		04C90B6A1B109886000AAE4C /* Images.xcassets */ = {isa = PBXFileReference; lastKnownFileType = folder.assetcatalog; path = Images.xcassets; sourceTree = "<group>"; };
		04C90B6D1B109886000AAE4C /* Base */ = {isa = PBXFileReference; lastKnownFileType = file.xib; name = Base; path = Base.lproj/LaunchScreen.xib; sourceTree = "<group>"; };
		04C90B731B109887000AAE4C /* testingTests.xctest */ = {isa = PBXFileReference; explicitFileType = wrapper.cfbundle; includeInIndex = 0; path = testingTests.xctest; sourceTree = BUILT_PRODUCTS_DIR; };
		04C90B781B109887000AAE4C /* Info.plist */ = {isa = PBXFileReference; lastKnownFileType = text.plist.xml; path = Info.plist; sourceTree = "<group>"; };
		04C90B791B109887000AAE4C /* testingTests.swift */ = {isa = PBXFileReference; lastKnownFileType = sourcecode.swift; path = testingTests.swift; sourceTree = "<group>"; };
		04C90B831B1098AE000AAE4C /* TableViewController.swift */ = {isa = PBXFileReference; fileEncoding = 4; lastKnownFileType = sourcecode.swift; path = TableViewController.swift; sourceTree = "<group>"; };
		04C90B851B1098C1000AAE4C /* TableViewCell.swift */ = {isa = PBXFileReference; fileEncoding = 4; lastKnownFileType = sourcecode.swift; path = TableViewCell.swift; sourceTree = "<group>"; };
/* End PBXFileReference section */

/* Begin PBXFrameworksBuildPhase section */
		04C90B5B1B109886000AAE4C /* Frameworks */ = {
			isa = PBXFrameworksBuildPhase;
			buildActionMask = 2147483647;
			files = (
			);
			runOnlyForDeploymentPostprocessing = 0;
		};
		04C90B701B109887000AAE4C /* Frameworks */ = {
			isa = PBXFrameworksBuildPhase;
			buildActionMask = 2147483647;
			files = (
			);
			runOnlyForDeploymentPostprocessing = 0;
		};
/* End PBXFrameworksBuildPhase section */

/* Begin PBXGroup section */
		04C90B551B109886000AAE4C = {
			isa = PBXGroup;
			children = (
				04C90B601B109886000AAE4C /* testing */,
				04C90B761B109887000AAE4C /* testingTests */,
				04C90B5F1B109886000AAE4C /* Products */,
			);
			sourceTree = "<group>";
		};
		04C90B5F1B109886000AAE4C /* Products */ = {
			isa = PBXGroup;
			children = (
				04C90B5E1B109886000AAE4C /* testing.app */,
				04C90B731B109887000AAE4C /* testingTests.xctest */,
			);
			name = Products;
			sourceTree = "<group>";
		};
		04C90B601B109886000AAE4C /* testing */ = {
			isa = PBXGroup;
			children = (
				04C90B631B109886000AAE4C /* AppDelegate.swift */,
				04C90B851B1098C1000AAE4C /* TableViewCell.swift */,
				04C90B671B109886000AAE4C /* Main.storyboard */,
				04C90B831B1098AE000AAE4C /* TableViewController.swift */,
				04C90B6A1B109886000AAE4C /* Images.xcassets */,
				04C90B6C1B109886000AAE4C /* LaunchScreen.xib */,
				04C90B611B109886000AAE4C /* Supporting Files */,
			);
			path = testing;
			sourceTree = "<group>";
		};
		04C90B611B109886000AAE4C /* Supporting Files */ = {
			isa = PBXGroup;
			children = (
				04C90B621B109886000AAE4C /* Info.plist */,
			);
			name = "Supporting Files";
			sourceTree = "<group>";
		};
		04C90B761B109887000AAE4C /* testingTests */ = {
			isa = PBXGroup;
			children = (
				04C90B791B109887000AAE4C /* testingTests.swift */,
				04C90B771B109887000AAE4C /* Supporting Files */,
			);
			path = testingTests;
			sourceTree = "<group>";
		};
		04C90B771B109887000AAE4C /* Supporting Files */ = {
			isa = PBXGroup;
			children = (
				04C90B781B109887000AAE4C /* Info.plist */,
			);
			name = "Supporting Files";
			sourceTree = "<group>";
		};
/* End PBXGroup section */

/* Begin PBXNativeTarget section */
		04C90B5D1B109886000AAE4C /* testing */ = {
			isa = PBXNativeTarget;
			buildConfigurationList = 04C90B7D1B109887000AAE4C /* Build configuration list for PBXNativeTarget "testing" */;
			buildPhases = (
				04C90B5A1B109886000AAE4C /* Sources */,
				04C90B5B1B109886000AAE4C /* Frameworks */,
				04C90B5C1B109886000AAE4C /* Resources */,
			);
			buildRules = (
			);
			dependencies = (
			);
			name = testing;
			productName = testing;
			productReference = 04C90B5E1B109886000AAE4C /* testing.app */;
			productType = "com.apple.product-type.application";
		};
		04C90B721B109887000AAE4C /* testingTests */ = {
			isa = PBXNativeTarget;
			buildConfigurationList = 04C90B801B109887000AAE4C /* Build configuration list for PBXNativeTarget "testingTests" */;
			buildPhases = (
				04C90B6F1B109887000AAE4C /* Sources */,
				04C90B701B109887000AAE4C /* Frameworks */,
				04C90B711B109887000AAE4C /* Resources */,
			);
			buildRules = (
			);
			dependencies = (
				04C90B751B109887000AAE4C /* PBXTargetDependency */,
			);
			name = testingTests;
			productName = testingTests;
			productReference = 04C90B731B109887000AAE4C /* testingTests.xctest */;
			productType = "com.apple.product-type.bundle.unit-test";
		};
/* End PBXNativeTarget section */

/* Begin PBXProject section */
		04C90B561B109886000AAE4C /* Project object */ = {
			isa = PBXProject;
			attributes = {
				LastUpgradeCheck = 0630;
				ORGANIZATIONNAME = "Variya Soft Solutions";
				TargetAttributes = {
					04C90B5D1B109886000AAE4C = {
						CreatedOnToolsVersion = 6.3.1;
					};
					04C90B721B109887000AAE4C = {
						CreatedOnToolsVersion = 6.3.1;
						TestTargetID = 04C90B5D1B109886000AAE4C;
					};
				};
			};
			buildConfigurationList = 04C90B591B109886000AAE4C /* Build configuration list for PBXProject "testing" */;
			compatibilityVersion = "Xcode 3.2";
			developmentRegion = English;
			hasScannedForEncodings = 0;
			knownRegions = (
				en,
				Base,
			);
			mainGroup = 04C90B551B109886000AAE4C;
			productRefGroup = 04C90B5F1B109886000AAE4C /* Products */;
			projectDirPath = "";
			projectRoot = "";
			targets = (
				04C90B5D1B109886000AAE4C /* testing */,
				04C90B721B109887000AAE4C /* testingTests */,
			);
		};
/* End PBXProject section */

/* Begin PBXResourcesBuildPhase section */
		04C90B5C1B109886000AAE4C /* Resources */ = {
			isa = PBXResourcesBuildPhase;
			buildActionMask = 2147483647;
			files = (
				04C90B691B109886000AAE4C /* Main.storyboard in Resources */,
				04C90B6E1B109886000AAE4C /* LaunchScreen.xib in Resources */,
				04C90B6B1B109886000AAE4C /* Images.xcassets in Resources */,
			);
			runOnlyForDeploymentPostprocessing = 0;
		};
		04C90B711B109887000AAE4C /* Resources */ = {
			isa = PBXResourcesBuildPhase;
			buildActionMask = 2147483647;
			files = (
			);
			runOnlyForDeploymentPostprocessing = 0;
		};
/* End PBXResourcesBuildPhase section */

/* Begin PBXSourcesBuildPhase section */
		04C90B5A1B109886000AAE4C /* Sources */ = {
			isa = PBXSourcesBuildPhase;
			buildActionMask = 2147483647;
			files = (
				04C90B861B1098C1000AAE4C /* TableViewCell.swift in Sources */,
				04C90B641B109886000AAE4C /* AppDelegate.swift in Sources */,
				04C90B841B1098AE000AAE4C /* TableViewController.swift in Sources */,
			);
			runOnlyForDeploymentPostprocessing = 0;
		};
		04C90B6F1B109887000AAE4C /* Sources */ = {
			isa = PBXSourcesBuildPhase;
			buildActionMask = 2147483647;
			files = (
				04C90B7A1B109887000AAE4C /* testingTests.swift in Sources */,
			);
			runOnlyForDeploymentPostprocessing = 0;
		};
/* End PBXSourcesBuildPhase section */

/* Begin PBXTargetDependency section */
		04C90B751B109887000AAE4C /* PBXTargetDependency */ = {
			isa = PBXTargetDependency;
			target = 04C90B5D1B109886000AAE4C /* testing */;
			targetProxy = 04C90B741B109887000AAE4C /* PBXContainerItemProxy */;
		};
/* End PBXTargetDependency section */

/* Begin PBXVariantGroup section */
		04C90B671B109886000AAE4C /* Main.storyboard */ = {
			isa = PBXVariantGroup;
			children = (
				04C90B681B109886000AAE4C /* Base */,
			);
			name = Main.storyboard;
			sourceTree = "<group>";
		};
		04C90B6C1B109886000AAE4C /* LaunchScreen.xib */ = {
			isa = PBXVariantGroup;
			children = (
				04C90B6D1B109886000AAE4C /* Base */,
			);
			name = LaunchScreen.xib;
			sourceTree = "<group>";
		};
/* End PBXVariantGroup section */

/* Begin XCBuildConfiguration section */
		04C90B7B1B109887000AAE4C /* Debug */ = {
			isa = XCBuildConfiguration;
			buildSettings = {
				ALWAYS_SEARCH_USER_PATHS = NO;
				CLANG_CXX_LANGUAGE_STANDARD = "gnu++0x";
				CLANG_CXX_LIBRARY = "libc++";
				CLANG_ENABLE_MODULES = YES;
				CLANG_ENABLE_OBJC_ARC = YES;
				CLANG_WARN_BOOL_CONVERSION = YES;
				CLANG_WARN_CONSTANT_CONVERSION = YES;
				CLANG_WARN_DIRECT_OBJC_ISA_USAGE = YES_ERROR;
				CLANG_WARN_EMPTY_BODY = YES;
				CLANG_WARN_ENUM_CONVERSION = YES;
				CLANG_WARN_INT_CONVERSION = YES;
				CLANG_WARN_OBJC_ROOT_CLASS = YES_ERROR;
				CLANG_WARN_UNREACHABLE_CODE = YES;
				CLANG_WARN__DUPLICATE_METHOD_MATCH = YES;
				"CODE_SIGN_IDENTITY[sdk=iphoneos*]" = "iPhone Developer";
				COPY_PHASE_STRIP = NO;
				DEBUG_INFORMATION_FORMAT = "dwarf-with-dsym";
				ENABLE_STRICT_OBJC_MSGSEND = YES;
				GCC_C_LANGUAGE_STANDARD = gnu99;
				GCC_DYNAMIC_NO_PIC = NO;
				GCC_NO_COMMON_BLOCKS = YES;
				GCC_OPTIMIZATION_LEVEL = 0;
				GCC_PREPROCESSOR_DEFINITIONS = (
					"DEBUG=1",
					"$(inherited)",
				);
				GCC_SYMBOLS_PRIVATE_EXTERN = NO;
				GCC_WARN_64_TO_32_BIT_CONVERSION = YES;
				GCC_WARN_ABOUT_RETURN_TYPE = YES_ERROR;
				GCC_WARN_UNDECLARED_SELECTOR = YES;
				GCC_WARN_UNINITIALIZED_AUTOS = YES_AGGRESSIVE;
				GCC_WARN_UNUSED_FUNCTION = YES;
				GCC_WARN_UNUSED_VARIABLE = YES;
				IPHONEOS_DEPLOYMENT_TARGET = 8.3;
				MTL_ENABLE_DEBUG_INFO = YES;
				ONLY_ACTIVE_ARCH = YES;
				SDKROOT = iphoneos;
				SWIFT_OPTIMIZATION_LEVEL = "-Onone";
				TARGETED_DEVICE_FAMILY = "1,2";
			};
			name = Debug;
		};
		04C90B7C1B109887000AAE4C /* Release */ = {
			isa = XCBuildConfiguration;
			buildSettings = {
				ALWAYS_SEARCH_USER_PATHS = NO;
				CLANG_CXX_LANGUAGE_STANDARD = "gnu++0x";
				CLANG_CXX_LIBRARY = "libc++";
				CLANG_ENABLE_MODULES = YES;
				CLANG_ENABLE_OBJC_ARC = YES;
				CLANG_WARN_BOOL_CONVERSION = YES;
				CLANG_WARN_CONSTANT_CONVERSION = YES;
				CLANG_WARN_DIRECT_OBJC_ISA_USAGE = YES_ERROR;
				CLANG_WARN_EMPTY_BODY = YES;
				CLANG_WARN_ENUM_CONVERSION = YES;
				CLANG_WARN_INT_CONVERSION = YES;
				CLANG_WARN_OBJC_ROOT_CLASS = YES_ERROR;
				CLANG_WARN_UNREACHABLE_CODE = YES;
				CLANG_WARN__DUPLICATE_METHOD_MATCH = YES;
				"CODE_SIGN_IDENTITY[sdk=iphoneos*]" = "iPhone Developer";
				COPY_PHASE_STRIP = NO;
				DEBUG_INFORMATION_FORMAT = "dwarf-with-dsym";
				ENABLE_NS_ASSERTIONS = NO;
				ENABLE_STRICT_OBJC_MSGSEND = YES;
				GCC_C_LANGUAGE_STANDARD = gnu99;
				GCC_NO_COMMON_BLOCKS = YES;
				GCC_WARN_64_TO_32_BIT_CONVERSION = YES;
				GCC_WARN_ABOUT_RETURN_TYPE = YES_ERROR;
				GCC_WARN_UNDECLARED_SELECTOR = YES;
				GCC_WARN_UNINITIALIZED_AUTOS = YES_AGGRESSIVE;
				GCC_WARN_UNUSED_FUNCTION = YES;
				GCC_WARN_UNUSED_VARIABLE = YES;
				IPHONEOS_DEPLOYMENT_TARGET = 8.3;
				MTL_ENABLE_DEBUG_INFO = NO;
				SDKROOT = iphoneos;
				TARGETED_DEVICE_FAMILY = "1,2";
				VALIDATE_PRODUCT = YES;
			};
			name = Release;
		};
		04C90B7E1B109887000AAE4C /* Debug */ = {
			isa = XCBuildConfiguration;
			buildSettings = {
				ASSETCATALOG_COMPILER_APPICON_NAME = AppIcon;
				INFOPLIST_FILE = testing/Info.plist;
				LD_RUNPATH_SEARCH_PATHS = "$(inherited) @executable_path/Frameworks";
				PRODUCT_NAME = "$(TARGET_NAME)";
			};
			name = Debug;
		};
		04C90B7F1B109887000AAE4C /* Release */ = {
			isa = XCBuildConfiguration;
			buildSettings = {
				ASSETCATALOG_COMPILER_APPICON_NAME = AppIcon;
				INFOPLIST_FILE = testing/Info.plist;
				LD_RUNPATH_SEARCH_PATHS = "$(inherited) @executable_path/Frameworks";
				PRODUCT_NAME = "$(TARGET_NAME)";
			};
			name = Release;
		};
		04C90B811B109887000AAE4C /* Debug */ = {
			isa = XCBuildConfiguration;
			buildSettings = {
				BUNDLE_LOADER = "$(TEST_HOST)";
				FRAMEWORK_SEARCH_PATHS = (
					"$(SDKROOT)/Developer/Library/Frameworks",
					"$(inherited)",
				);
				GCC_PREPROCESSOR_DEFINITIONS = (
					"DEBUG=1",
					"$(inherited)",
				);
				INFOPLIST_FILE = testingTests/Info.plist;
				LD_RUNPATH_SEARCH_PATHS = "$(inherited) @executable_path/Frameworks @loader_path/Frameworks";
				PRODUCT_NAME = "$(TARGET_NAME)";
				TEST_HOST = "$(BUILT_PRODUCTS_DIR)/testing.app/testing";
			};
			name = Debug;
		};
		04C90B821B109887000AAE4C /* Release */ = {
			isa = XCBuildConfiguration;
			buildSettings = {
				BUNDLE_LOADER = "$(TEST_HOST)";
				FRAMEWORK_SEARCH_PATHS = (
					"$(SDKROOT)/Developer/Library/Frameworks",
					"$(inherited)",
				);
				INFOPLIST_FILE = testingTests/Info.plist;
				LD_RUNPATH_SEARCH_PATHS = "$(inherited) @executable_path/Frameworks @loader_path/Frameworks";
				PRODUCT_NAME = "$(TARGET_NAME)";
				TEST_HOST = "$(BUILT_PRODUCTS_DIR)/testing.app/testing";
			};
			name = Release;
		};
/* End XCBuildConfiguration section */

/* Begin XCConfigurationList section */
		04C90B591B109886000AAE4C /* Build configuration list for PBXProject "testing" */ = {
			isa = XCConfigurationList;
			buildConfigurations = (
				04C90B7B1B109887000AAE4C /* Debug */,
				04C90B7C1B109887000AAE4C /* Release */,
			);
			defaultConfigurationIsVisible = 0;
			defaultConfigurationName = Release;
		};
		04C90B7D1B109887000AAE4C /* Build configuration list for PBXNativeTarget "testing" */ = {
			isa = XCConfigurationList;
			buildConfigurations = (
				04C90B7E1B109887000AAE4C /* Debug */,
				04C90B7F1B109887000AAE4C /* Release */,
			);
			defaultConfigurationIsVisible = 0;
		};
		04C90B801B109887000AAE4C /* Build configuration list for PBXNativeTarget "testingTests" */ = {
			isa = XCConfigurationList;
			buildConfigurations = (
				04C90B811B109887000AAE4C /* Debug */,
				04C90B821B109887000AAE4C /* Release */,
			);
			defaultConfigurationIsVisible = 0;
		};
/* End XCConfigurationList section */
	};
	rootObject = 04C90B561B109886000AAE4C /* Project object */;
}
